
Microsoft Visual Studio Solution File, Format Version 12.00
# Visual Studio Version 17
VisualStudioVersion = 17.3.32929.385
MinimumVisualStudioVersion = 10.0.40219.1
Project("{FAE04EC0-301F-11D3-BF4B-00C04F79EFBC}") = "Exec", "Exec\Exec.csproj", "{36A32391-F080-4B3C-AF6B-E640A9702B13}"
EndProject
Global
	GlobalSection(SolutionConfigurationPlatforms) = preSolution
		Debug|Any CPU = Debug|Any CPU
		Release|Any CPU = Release|Any CPU
	EndGlobalSection
	GlobalSection(ProjectConfigurationPlatforms) = postSolution
		{36A32391-F080-4B3C-AF6B-E640A9702B13}.Debug|Any CPU.ActiveCfg = Debug|Any CPU
		{36A32391-F080-4B3C-AF6B-E640A9702B13}.Debug|Any CPU.Build.0 = Debug|Any CPU
		{36A32391-F080-4B3C-AF6B-E640A9702B13}.Release|Any CPU.ActiveCfg = Release|Any CPU
		{36A32391-F080-4B3C-AF6B-E640A9702B13}.Release|Any CPU.Build.0 = Release|Any CPU
	EndGlobalSection
	GlobalSection(SolutionProperties) = preSolution
		HideSolutionNode = FALSE
	EndGlobalSection
	GlobalSection(ExtensibilityGlobals) = postSolution
		SolutionGuid = {3FA4F388-492E-4985-A3F7-36383FC667DF}
	EndGlobalSection
EndGlobal
